// !$*UTF8*$!
{
	archiveVersion = 1;
	classes = {
	};
	objectVersion = 55;
	objects = {

/* Begin PBXBuildFile section */
		D3A74C5D27D131CF00C18567 /* ios_webserver_testApp.swift in Sources */ = {isa = PBXBuildFile; fileRef = D3A74C5C27D131CF00C18567 /* ios_webserver_testApp.swift */; };
		D3A74C5F27D131CF00C18567 /* ContentView.swift in Sources */ = {isa = PBXBuildFile; fileRef = D3A74C5E27D131CF00C18567 /* ContentView.swift */; };
		D3A74C6127D131D000C18567 /* Assets.xcassets in Resources */ = {isa = PBXBuildFile; fileRef = D3A74C6027D131D000C18567 /* Assets.xcassets */; };
		D3A74C6427D131D000C18567 /* Preview Assets.xcassets in Resources */ = {isa = PBXBuildFile; fileRef = D3A74C6327D131D000C18567 /* Preview Assets.xcassets */; };
		D3A74C6B27D131EF00C18567 /* Webview.swift in Sources */ = {isa = PBXBuildFile; fileRef = D3A74C6A27D131EF00C18567 /* Webview.swift */; };
		EB0FE8BB28453DBD2737F5A1 /* Pods_ios_webserver_test.framework in Frameworks */ = {isa = PBXBuildFile; fileRef = E89210BD084E68E55A66C38F /* Pods_ios_webserver_test.framework */; };
/* End PBXBuildFile section */

/* Begin PBXFileReference section */
		022C4515637909030DD05F8C /* Pods-ios-webserver-test.debug.xcconfig */ = {isa = PBXFileReference; includeInIndex = 1; lastKnownFileType = text.xcconfig; name = "Pods-ios-webserver-test.debug.xcconfig"; path = "Target Support Files/Pods-ios-webserver-test/Pods-ios-webserver-test.debug.xcconfig"; sourceTree = "<group>"; };
		D3A74C5927D131CF00C18567 /* ios-webserver-test.app */ = {isa = PBXFileReference; explicitFileType = wrapper.application; includeInIndex = 0; path = "ios-webserver-test.app"; sourceTree = BUILT_PRODUCTS_DIR; };
		D3A74C5C27D131CF00C18567 /* ios_webserver_testApp.swift */ = {isa = PBXFileReference; lastKnownFileType = sourcecode.swift; path = ios_webserver_testApp.swift; sourceTree = "<group>"; };
		D3A74C5E27D131CF00C18567 /* ContentView.swift */ = {isa = PBXFileReference; lastKnownFileType = sourcecode.swift; path = ContentView.swift; sourceTree = "<group>"; };
		D3A74C6027D131D000C18567 /* Assets.xcassets */ = {isa = PBXFileReference; lastKnownFileType = folder.assetcatalog; path = Assets.xcassets; sourceTree = "<group>"; };
		D3A74C6327D131D000C18567 /* Preview Assets.xcassets */ = {isa = PBXFileReference; lastKnownFileType = folder.assetcatalog; path = "Preview Assets.xcassets"; sourceTree = "<group>"; };
		D3A74C6A27D131EF00C18567 /* Webview.swift */ = {isa = PBXFileReference; lastKnownFileType = sourcecode.swift; path = Webview.swift; sourceTree = "<group>"; };
		E89210BD084E68E55A66C38F /* Pods_ios_webserver_test.framework */ = {isa = PBXFileReference; explicitFileType = wrapper.framework; includeInIndex = 0; path = Pods_ios_webserver_test.framework; sourceTree = BUILT_PRODUCTS_DIR; };
		EA712ADFB1894D01C376EF30 /* Pods-ios-webserver-test.release.xcconfig */ = {isa = PBXFileReference; includeInIndex = 1; lastKnownFileType = text.xcconfig; name = "Pods-ios-webserver-test.release.xcconfig"; path = "Target Support Files/Pods-ios-webserver-test/Pods-ios-webserver-test.release.xcconfig"; sourceTree = "<group>"; };
/* End PBXFileReference section */

/* Begin PBXFrameworksBuildPhase section */
		D3A74C5627D131CF00C18567 /* Frameworks */ = {
			isa = PBXFrameworksBuildPhase;
			buildActionMask = 2147483647;
			files = (
				EB0FE8BB28453DBD2737F5A1 /* Pods_ios_webserver_test.framework in Frameworks */,
			);
			runOnlyForDeploymentPostprocessing = 0;
		};
/* End PBXFrameworksBuildPhase section */

/* Begin PBXGroup section */
		53F81F9781111FFA078A9BF5 /* Pods */ = {
			isa = PBXGroup;
			children = (
				022C4515637909030DD05F8C /* Pods-ios-webserver-test.debug.xcconfig */,
				EA712ADFB1894D01C376EF30 /* Pods-ios-webserver-test.release.xcconfig */,
			);
			name = Pods;
			path = Pods;
			sourceTree = "<group>";
		};
		D3A74C5027D131CF00C18567 = {
			isa = PBXGroup;
			children = (
				D3A74C5B27D131CF00C18567 /* ios-webserver-test */,
				D3A74C5A27D131CF00C18567 /* Products */,
				53F81F9781111FFA078A9BF5 /* Pods */,
				EBE2E70DD6A7585058B17497 /* Frameworks */,
			);
			sourceTree = "<group>";
		};
		D3A74C5A27D131CF00C18567 /* Products */ = {
			isa = PBXGroup;
			children = (
				D3A74C5927D131CF00C18567 /* ios-webserver-test.app */,
			);
			name = Products;
			sourceTree = "<group>";
		};
		D3A74C5B27D131CF00C18567 /* ios-webserver-test */ = {
			isa = PBXGroup;
			children = (
				D3A74C5C27D131CF00C18567 /* ios_webserver_testApp.swift */,
				D3A74C5E27D131CF00C18567 /* ContentView.swift */,
				D3A74C6027D131D000C18567 /* Assets.xcassets */,
				D3A74C6227D131D000C18567 /* Preview Content */,
				D3A74C6A27D131EF00C18567 /* Webview.swift */,
			);
			path = "ios-webserver-test";
			sourceTree = "<group>";
		};
		D3A74C6227D131D000C18567 /* Preview Content */ = {
			isa = PBXGroup;
			children = (
				D3A74C6327D131D000C18567 /* Preview Assets.xcassets */,
			);
			path = "Preview Content";
			sourceTree = "<group>";
		};
		EBE2E70DD6A7585058B17497 /* Frameworks */ = {
			isa = PBXGroup;
			children = (
				E89210BD084E68E55A66C38F /* Pods_ios_webserver_test.framework */,
			);
			name = Frameworks;
			sourceTree = "<group>";
		};
/* End PBXGroup section */

/* Begin PBXNativeTarget section */
		D3A74C5827D131CF00C18567 /* ios-webserver-test */ = {
			isa = PBXNativeTarget;
			buildConfigurationList = D3A74C6727D131D000C18567 /* Build configuration list for PBXNativeTarget "ios-webserver-test" */;
			buildPhases = (
				336F947D205238EB4F5D842F /* [CP] Check Pods Manifest.lock */,
				D3A74C5527D131CF00C18567 /* Sources */,
				D3A74C5627D131CF00C18567 /* Frameworks */,
				D3A74C5727D131CF00C18567 /* Resources */,
				7D4154CD23D37C9183AFAF58 /* [CP] Embed Pods Frameworks */,
			);
			buildRules = (
			);
			dependencies = (
			);
			name = "ios-webserver-test";
			productName = "ios-webserver-test";
			productReference = D3A74C5927D131CF00C18567 /* ios-webserver-test.app */;
			productType = "com.apple.product-type.application";
		};
/* End PBXNativeTarget section */

/* Begin PBXProject section */
		D3A74C5127D131CF00C18567 /* Project object */ = {
			isa = PBXProject;
			attributes = {
				BuildIndependentTargetsInParallel = 1;
				LastSwiftUpdateCheck = 1320;
				LastUpgradeCheck = 1320;
				TargetAttributes = {
					D3A74C5827D131CF00C18567 = {
						CreatedOnToolsVersion = 13.2.1;
					};
				};
			};
			buildConfigurationList = D3A74C5427D131CF00C18567 /* Build configuration list for PBXProject "ios-webserver-test" */;
			compatibilityVersion = "Xcode 13.0";
			developmentRegion = en;
			hasScannedForEncodings = 0;
			knownRegions = (
				en,
				Base,
			);
			mainGroup = D3A74C5027D131CF00C18567;
			productRefGroup = D3A74C5A27D131CF00C18567 /* Products */;
			projectDirPath = "";
			projectRoot = "";
			targets = (
				D3A74C5827D131CF00C18567 /* ios-webserver-test */,
			);
		};
/* End PBXProject section */

/* Begin PBXResourcesBuildPhase section */
		D3A74C5727D131CF00C18567 /* Resources */ = {
			isa = PBXResourcesBuildPhase;
			buildActionMask = 2147483647;
			files = (
				D3A74C6427D131D000C18567 /* Preview Assets.xcassets in Resources */,
				D3A74C6127D131D000C18567 /* Assets.xcassets in Resources */,
			);
			runOnlyForDeploymentPostprocessing = 0;
		};
/* End PBXResourcesBuildPhase section */

/* Begin PBXShellScriptBuildPhase section */
		336F947D205238EB4F5D842F /* [CP] Check Pods Manifest.lock */ = {
			isa = PBXShellScriptBuildPhase;
			buildActionMask = 2147483647;
			files = (
			);
			inputFileListPaths = (
			);
			inputPaths = (
				"${PODS_PODFILE_DIR_PATH}/Podfile.lock",
				"${PODS_ROOT}/Manifest.lock",
			);
			name = "[CP] Check Pods Manifest.lock";
			outputFileListPaths = (
			);
			outputPaths = (
				"$(DERIVED_FILE_DIR)/Pods-ios-webserver-test-checkManifestLockResult.txt",
			);
			runOnlyForDeploymentPostprocessing = 0;
			shellPath = /bin/sh;
			shellScript = "diff \"${PODS_PODFILE_DIR_PATH}/Podfile.lock\" \"${PODS_ROOT}/Manifest.lock\" > /dev/null\nif [ $? != 0 ] ; then\n    # print error to STDERR\n    echo \"error: The sandbox is not in sync with the Podfile.lock. Run 'pod install' or update your CocoaPods installation.\" >&2\n    exit 1\nfi\n# This output is used by Xcode 'outputs' to avoid re-running this script phase.\necho \"SUCCESS\" > \"${SCRIPT_OUTPUT_FILE_0}\"\n";
			showEnvVarsInLog = 0;
		};
		7D4154CD23D37C9183AFAF58 /* [CP] Embed Pods Frameworks */ = {
			isa = PBXShellScriptBuildPhase;
			buildActionMask = 2147483647;
			files = (
			);
			inputFileListPaths = (
				"${PODS_ROOT}/Target Support Files/Pods-ios-webserver-test/Pods-ios-webserver-test-frameworks-${CONFIGURATION}-input-files.xcfilelist",
			);
			name = "[CP] Embed Pods Frameworks";
			outputFileListPaths = (
				"${PODS_ROOT}/Target Support Files/Pods-ios-webserver-test/Pods-ios-webserver-test-frameworks-${CONFIGURATION}-output-files.xcfilelist",
			);
			runOnlyForDeploymentPostprocessing = 0;
			shellPath = /bin/sh;
			shellScript = "\"${PODS_ROOT}/Target Support Files/Pods-ios-webserver-test/Pods-ios-webserver-test-frameworks.sh\"\n";
			showEnvVarsInLog = 0;
		};
/* End PBXShellScriptBuildPhase section */

/* Begin PBXSourcesBuildPhase section */
		D3A74C5527D131CF00C18567 /* Sources */ = {
			isa = PBXSourcesBuildPhase;
			buildActionMask = 2147483647;
			files = (
				D3A74C6B27D131EF00C18567 /* Webview.swift in Sources */,
				D3A74C5F27D131CF00C18567 /* ContentView.swift in Sources */,
				D3A74C5D27D131CF00C18567 /* ios_webserver_testApp.swift in Sources */,
			);
			runOnlyForDeploymentPostprocessing = 0;
		};
/* End PBXSourcesBuildPhase section */

/* Begin XCBuildConfiguration section */
		D3A74C6527D131D000C18567 /* Debug */ = {
			isa = XCBuildConfiguration;
			buildSettings = {
				ALWAYS_SEARCH_USER_PATHS = NO;
				CLANG_ANALYZER_NONNULL = YES;
				CLANG_ANALYZER_NUMBER_OBJECT_CONVERSION = YES_AGGRESSIVE;
				CLANG_CXX_LANGUAGE_STANDARD = "gnu++17";
				CLANG_CXX_LIBRARY = "libc++";
				CLANG_ENABLE_MODULES = YES;
				CLANG_ENABLE_OBJC_ARC = YES;
				CLANG_ENABLE_OBJC_WEAK = YES;
				CLANG_WARN_BLOCK_CAPTURE_AUTORELEASING = YES;
				CLANG_WARN_BOOL_CONVERSION = YES;
				CLANG_WARN_COMMA = YES;
				CLANG_WARN_CONSTANT_CONVERSION = YES;
				CLANG_WARN_DEPRECATED_OBJC_IMPLEMENTATIONS = YES;
				CLANG_WARN_DIRECT_OBJC_ISA_USAGE = YES_ERROR;
				CLANG_WARN_DOCUMENTATION_COMMENTS = YES;
				CLANG_WARN_EMPTY_BODY = YES;
				CLANG_WARN_ENUM_CONVERSION = YES;
				CLANG_WARN_INFINITE_RECURSION = YES;
				CLANG_WARN_INT_CONVERSION = YES;
				CLANG_WARN_NON_LITERAL_NULL_CONVERSION = YES;
				CLANG_WARN_OBJC_IMPLICIT_RETAIN_SELF = YES;
				CLANG_WARN_OBJC_LITERAL_CONVERSION = YES;
				CLANG_WARN_OBJC_ROOT_CLASS = YES_ERROR;
				CLANG_WARN_QUOTED_INCLUDE_IN_FRAMEWORK_HEADER = YES;
				CLANG_WARN_RANGE_LOOP_ANALYSIS = YES;
				CLANG_WARN_STRICT_PROTOTYPES = YES;
				CLANG_WARN_SUSPICIOUS_MOVE = YES;
				CLANG_WARN_UNGUARDED_AVAILABILITY = YES_AGGRESSIVE;
				CLANG_WARN_UNREACHABLE_CODE = YES;
				CLANG_WARN__DUPLICATE_METHOD_MATCH = YES;
				COPY_PHASE_STRIP = NO;
				DEBUG_INFORMATION_FORMAT = dwarf;
				ENABLE_STRICT_OBJC_MSGSEND = YES;
				ENABLE_TESTABILITY = YES;
				GCC_C_LANGUAGE_STANDARD = gnu11;
				GCC_DYNAMIC_NO_PIC = NO;
				GCC_NO_COMMON_BLOCKS = YES;
				GCC_OPTIMIZATION_LEVEL = 0;
				GCC_PREPROCESSOR_DEFINITIONS = (
					"DEBUG=1",
					"$(inherited)",
				);
				GCC_WARN_64_TO_32_BIT_CONVERSION = YES;
				GCC_WARN_ABOUT_RETURN_TYPE = YES_ERROR;
				GCC_WARN_UNDECLARED_SELECTOR = YES;
				GCC_WARN_UNINITIALIZED_AUTOS = YES_AGGRESSIVE;
				GCC_WARN_UNUSED_FUNCTION = YES;
				GCC_WARN_UNUSED_VARIABLE = YES;
				IPHONEOS_DEPLOYMENT_TARGET = 15.2;
				MTL_ENABLE_DEBUG_INFO = INCLUDE_SOURCE;
				MTL_FAST_MATH = YES;
				ONLY_ACTIVE_ARCH = YES;
				SDKROOT = iphoneos;
				SWIFT_ACTIVE_COMPILATION_CONDITIONS = DEBUG;
				SWIFT_OPTIMIZATION_LEVEL = "-Onone";
			};
			name = Debug;
		};
		D3A74C6627D131D000C18567 /* Release */ = {
			isa = XCBuildConfiguration;
			buildSettings = {
				ALWAYS_SEARCH_USER_PATHS = NO;
				CLANG_ANALYZER_NONNULL = YES;
				CLANG_ANALYZER_NUMBER_OBJECT_CONVERSION = YES_AGGRESSIVE;
				CLANG_CXX_LANGUAGE_STANDARD = "gnu++17";
				CLANG_CXX_LIBRARY = "libc++";
				CLANG_ENABLE_MODULES = YES;
				CLANG_ENABLE_OBJC_ARC = YES;
				CLANG_ENABLE_OBJC_WEAK = YES;
				CLANG_WARN_BLOCK_CAPTURE_AUTORELEASING = YES;
				CLANG_WARN_BOOL_CONVERSION = YES;
				CLANG_WARN_COMMA = YES;
				CLANG_WARN_CONSTANT_CONVERSION = YES;
				CLANG_WARN_DEPRECATED_OBJC_IMPLEMENTATIONS = YES;
				CLANG_WARN_DIRECT_OBJC_ISA_USAGE = YES_ERROR;
				CLANG_WARN_DOCUMENTATION_COMMENTS = YES;
				CLANG_WARN_EMPTY_BODY = YES;
				CLANG_WARN_ENUM_CONVERSION = YES;
				CLANG_WARN_INFINITE_RECURSION = YES;
				CLANG_WARN_INT_CONVERSION = YES;
				CLANG_WARN_NON_LITERAL_NULL_CONVERSION = YES;
				CLANG_WARN_OBJC_IMPLICIT_RETAIN_SELF = YES;
				CLANG_WARN_OBJC_LITERAL_CONVERSION = YES;
				CLANG_WARN_OBJC_ROOT_CLASS = YES_ERROR;
				CLANG_WARN_QUOTED_INCLUDE_IN_FRAMEWORK_HEADER = YES;
				CLANG_WARN_RANGE_LOOP_ANALYSIS = YES;
				CLANG_WARN_STRICT_PROTOTYPES = YES;
				CLANG_WARN_SUSPICIOUS_MOVE = YES;
				CLANG_WARN_UNGUARDED_AVAILABILITY = YES_AGGRESSIVE;
				CLANG_WARN_UNREACHABLE_CODE = YES;
				CLANG_WARN__DUPLICATE_METHOD_MATCH = YES;
				COPY_PHASE_STRIP = NO;
				DEBUG_INFORMATION_FORMAT = "dwarf-with-dsym";
				ENABLE_NS_ASSERTIONS = NO;
				ENABLE_STRICT_OBJC_MSGSEND = YES;
				GCC_C_LANGUAGE_STANDARD = gnu11;
				GCC_NO_COMMON_BLOCKS = YES;
				GCC_WARN_64_TO_32_BIT_CONVERSION = YES;
				GCC_WARN_ABOUT_RETURN_TYPE = YES_ERROR;
				GCC_WARN_UNDECLARED_SELECTOR = YES;
				GCC_WARN_UNINITIALIZED_AUTOS = YES_AGGRESSIVE;
				GCC_WARN_UNUSED_FUNCTION = YES;
				GCC_WARN_UNUSED_VARIABLE = YES;
				IPHONEOS_DEPLOYMENT_TARGET = 15.2;
				MTL_ENABLE_DEBUG_INFO = NO;
				MTL_FAST_MATH = YES;
				SDKROOT = iphoneos;
				SWIFT_COMPILATION_MODE = wholemodule;
				SWIFT_OPTIMIZATION_LEVEL = "-O";
				VALIDATE_PRODUCT = YES;
			};
			name = Release;
		};
		D3A74C6827D131D000C18567 /* Debug */ = {
			isa = XCBuildConfiguration;
			baseConfigurationReference = 022C4515637909030DD05F8C /* Pods-ios-webserver-test.debug.xcconfig */;
			buildSettings = {
				ASSETCATALOG_COMPILER_APPICON_NAME = AppIcon;
				ASSETCATALOG_COMPILER_GLOBAL_ACCENT_COLOR_NAME = AccentColor;
				CODE_SIGN_STYLE = Automatic;
				CURRENT_PROJECT_VERSION = 1;
				DEVELOPMENT_ASSET_PATHS = "\"ios-webserver-test/Preview Content\"";
				DEVELOPMENT_TEAM = 9JTPRMM77Q;
				ENABLE_PREVIEWS = YES;
				GENERATE_INFOPLIST_FILE = YES;
				INFOPLIST_KEY_UIApplicationSceneManifest_Generation = YES;
				INFOPLIST_KEY_UIApplicationSupportsIndirectInputEvents = YES;
				INFOPLIST_KEY_UILaunchScreen_Generation = YES;
				INFOPLIST_KEY_UISupportedInterfaceOrientations_iPad = "UIInterfaceOrientationPortrait UIInterfaceOrientationPortraitUpsideDown UIInterfaceOrientationLandscapeLeft UIInterfaceOrientationLandscapeRight";
				INFOPLIST_KEY_UISupportedInterfaceOrientations_iPhone = "UIInterfaceOrientationPortrait UIInterfaceOrientationLandscapeLeft UIInterfaceOrientationLandscapeRight";
				LD_RUNPATH_SEARCH_PATHS = (
					"$(inherited)",
					"@executable_path/Frameworks",
				);
				MARKETING_VERSION = 1.0;
				PRODUCT_BUNDLE_IDENTIFIER = "uk.co.enyapkcin.ios-webserver-test";
				PRODUCT_NAME = "$(TARGET_NAME)";
				SWIFT_EMIT_LOC_STRINGS = YES;
				SWIFT_VERSION = 5.0;
				TARGETED_DEVICE_FAMILY = "1,2";
			};
			name = Debug;
		};
		D3A74C6927D131D000C18567 /* Release */ = {
			isa = XCBuildConfiguration;
			baseConfigurationReference = EA712ADFB1894D01C376EF30 /* Pods-ios-webserver-test.release.xcconfig */;
			buildSettings = {
				ASSETCATALOG_COMPILER_APPICON_NAME = AppIcon;
				ASSETCATALOG_COMPILER_GLOBAL_ACCENT_COLOR_NAME = AccentColor;
				CODE_SIGN_STYLE = Automatic;
				CURRENT_PROJECT_VERSION = 1;
				DEVELOPMENT_ASSET_PATHS = "\"ios-webserver-test/Preview Content\"";
				DEVELOPMENT_TEAM = 9JTPRMM77Q;
				ENABLE_PREVIEWS = YES;
				GENERATE_INFOPLIST_FILE = YES;
				INFOPLIST_KEY_UIApplicationSceneManifest_Generation = YES;
				INFOPLIST_KEY_UIApplicationSupportsIndirectInputEvents = YES;
				INFOPLIST_KEY_UILaunchScreen_Generation = YES;
				INFOPLIST_KEY_UISupportedInterfaceOrientations_iPad = "UIInterfaceOrientationPortrait UIInterfaceOrientationPortraitUpsideDown UIInterfaceOrientationLandscapeLeft UIInterfaceOrientationLandscapeRight";
				INFOPLIST_KEY_UISupportedInterfaceOrientations_iPhone = "UIInterfaceOrientationPortrait UIInterfaceOrientationLandscapeLeft UIInterfaceOrientationLandscapeRight";
				LD_RUNPATH_SEARCH_PATHS = (
					"$(inherited)",
					"@executable_path/Frameworks",
				);
				MARKETING_VERSION = 1.0;
				PRODUCT_BUNDLE_IDENTIFIER = "uk.co.enyapkcin.ios-webserver-test";
				PRODUCT_NAME = "$(TARGET_NAME)";
				SWIFT_EMIT_LOC_STRINGS = YES;
				SWIFT_VERSION = 5.0;
				TARGETED_DEVICE_FAMILY = "1,2";
			};
			name = Release;
		};
/* End XCBuildConfiguration section */

/* Begin XCConfigurationList section */
		D3A74C5427D131CF00C18567 /* Build configuration list for PBXProject "ios-webserver-test" */ = {
			isa = XCConfigurationList;
			buildConfigurations = (
				D3A74C6527D131D000C18567 /* Debug */,
				D3A74C6627D131D000C18567 /* Release */,
			);
			defaultConfigurationIsVisible = 0;
			defaultConfigurationName = Release;
		};
		D3A74C6727D131D000C18567 /* Build configuration list for PBXNativeTarget "ios-webserver-test" */ = {
			isa = XCConfigurationList;
			buildConfigurations = (
				D3A74C6827D131D000C18567 /* Debug */,
				D3A74C6927D131D000C18567 /* Release */,
			);
			defaultConfigurationIsVisible = 0;
			defaultConfigurationName = Release;
		};
/* End XCConfigurationList section */
	};
	rootObject = D3A74C5127D131CF00C18567 /* Project object */;
}
